
Microsoft Visual Studio Solution File, Format Version 12.00
# Visual Studio Version 17
VisualStudioVersion = 17.5.002.0
MinimumVisualStudioVersion = 10.0.40219.1
Project("{9A19103F-16F7-4668-BE54-9A1E7A4F7556}") = "GraphQLBooks", "GraphQLBooks.csproj", "{380B07ED-D1B2-49B7-8B24-27D1215F6891}"
EndProject
Global
	GlobalSection(SolutionConfigurationPlatforms) = preSolution
		Debug|Any CPU = Debug|Any CPU
		Release|Any CPU = Release|Any CPU
	EndGlobalSection
	GlobalSection(ProjectConfigurationPlatforms) = postSolution
		{380B07ED-D1B2-49B7-8B24-27D1215F6891}.Debug|Any CPU.ActiveCfg = Debug|Any CPU
		{380B07ED-D1B2-49B7-8B24-27D1215F6891}.Debug|Any CPU.Build.0 = Debug|Any CPU
		{380B07ED-D1B2-49B7-8B24-27D1215F6891}.Release|Any CPU.ActiveCfg = Release|Any CPU
		{380B07ED-D1B2-49B7-8B24-27D1215F6891}.Release|Any CPU.Build.0 = Release|Any CPU
	EndGlobalSection
	GlobalSection(SolutionProperties) = preSolution
		HideSolutionNode = FALSE
	EndGlobalSection
	GlobalSection(ExtensibilityGlobals) = postSolution
		SolutionGuid = {5DBC93D0-5D9F-495D-9D98-E76E4804BA1C}
	EndGlobalSection
EndGlobal
